
Microsoft Visual Studio Solution File, Format Version 12.00
# Visual Studio Version 17
VisualStudioVersion = 17.8.34511.84
MinimumVisualStudioVersion = 10.0.40219.1
Project("{9A19103F-16F7-4668-BE54-9A1E7A4F7556}") = "RentWheels", "RentWheels\RentWheels.csproj", "{7AF0FA70-1DA9-423C-851C-801C7F1C2EDF}"
EndProject
Project("{9A19103F-16F7-4668-BE54-9A1E7A4F7556}") = "RentWheels.Core", "RentWheels.Core\RentWheels.Core.csproj", "{E8D477A9-ABB1-4A14-A2A8-1AB2C85249E1}"
EndProject
Project("{9A19103F-16F7-4668-BE54-9A1E7A4F7556}") = "RentWheels.Infrastructure", "RentWheels.Infrastructure\RentWheels.Infrastructure.csproj", "{6F6651BD-73B5-468E-BE4E-1EA62BAF22DB}"
EndProject
Project("{FAE04EC0-301F-11D3-BF4B-00C04F79EFBC}") = "RentWheels.Tests", "RentWheels.Tests\RentWheels.Tests.csproj", "{3E6811E7-8CBE-4DF5-BFC5-68C65899AE5C}"
EndProject
Global
	GlobalSection(SolutionConfigurationPlatforms) = preSolution
		Debug|Any CPU = Debug|Any CPU
		Release|Any CPU = Release|Any CPU
	EndGlobalSection
	GlobalSection(ProjectConfigurationPlatforms) = postSolution
		{7AF0FA70-1DA9-423C-851C-801C7F1C2EDF}.Debug|Any CPU.ActiveCfg = Debug|Any CPU
		{7AF0FA70-1DA9-423C-851C-801C7F1C2EDF}.Debug|Any CPU.Build.0 = Debug|Any CPU
		{7AF0FA70-1DA9-423C-851C-801C7F1C2EDF}.Release|Any CPU.ActiveCfg = Release|Any CPU
		{7AF0FA70-1DA9-423C-851C-801C7F1C2EDF}.Release|Any CPU.Build.0 = Release|Any CPU
		{E8D477A9-ABB1-4A14-A2A8-1AB2C85249E1}.Debug|Any CPU.ActiveCfg = Debug|Any CPU
		{E8D477A9-ABB1-4A14-A2A8-1AB2C85249E1}.Debug|Any CPU.Build.0 = Debug|Any CPU
		{E8D477A9-ABB1-4A14-A2A8-1AB2C85249E1}.Release|Any CPU.ActiveCfg = Release|Any CPU
		{E8D477A9-ABB1-4A14-A2A8-1AB2C85249E1}.Release|Any CPU.Build.0 = Release|Any CPU
		{6F6651BD-73B5-468E-BE4E-1EA62BAF22DB}.Debug|Any CPU.ActiveCfg = Debug|Any CPU
		{6F6651BD-73B5-468E-BE4E-1EA62BAF22DB}.Debug|Any CPU.Build.0 = Debug|Any CPU
		{6F6651BD-73B5-468E-BE4E-1EA62BAF22DB}.Release|Any CPU.ActiveCfg = Release|Any CPU
		{6F6651BD-73B5-468E-BE4E-1EA62BAF22DB}.Release|Any CPU.Build.0 = Release|Any CPU
		{3E6811E7-8CBE-4DF5-BFC5-68C65899AE5C}.Debug|Any CPU.ActiveCfg = Debug|Any CPU
		{3E6811E7-8CBE-4DF5-BFC5-68C65899AE5C}.Debug|Any CPU.Build.0 = Debug|Any CPU
		{3E6811E7-8CBE-4DF5-BFC5-68C65899AE5C}.Release|Any CPU.ActiveCfg = Release|Any CPU
		{3E6811E7-8CBE-4DF5-BFC5-68C65899AE5C}.Release|Any CPU.Build.0 = Release|Any CPU
	EndGlobalSection
	GlobalSection(SolutionProperties) = preSolution
		HideSolutionNode = FALSE
	EndGlobalSection
	GlobalSection(ExtensibilityGlobals) = postSolution
		SolutionGuid = {86A0F7EE-F5C0-4CAE-B7D7-B330958958B2}
	EndGlobalSection
EndGlobal
